# This file is automatically @generated by Cargo.
# It is not intended for manual editing.
[[package]]
name = "aho-corasick"
version = "0.7.6"
source = "git+https://github.com/mesalock-linux/aho-corasick-sgx#531e7524d51d5f0c2695c64ee0c8db1dd3cd3912"
dependencies = [
 "memchr",
 "sgx_tstd",
]

[[package]]
name = "autocfg"
version = "0.1.6"
source = "registry+https://github.com/rust-lang/crates.io-index"
checksum = "b671c8fb71b457dd4ae18c4ba1e59aa81793daacc361d82fcd410cef0d491875"

[[package]]
name = "bitflags"
version = "1.2.0"
source = "registry+https://github.com/rust-lang/crates.io-index"
checksum = "8a606a02debe2813760609f57a64a2ffd27d9fdf5b2f133eaca0b248dd92cdd2"

[[package]]
name = "byteorder"
version = "1.3.2"
source = "git+https://github.com/mesalock-linux/byteorder-sgx#88b0f98667bfcf4dc9445fabbeea8c269754b35b"
dependencies = [
 "sgx_tstd",
]

[[package]]
name = "c2-chacha"
version = "0.2.2"
source = "git+https://github.com/mesalock-linux/cryptocorrosion-sgx#0786cf1d78670893cee04b37e989f7cc2f971624"
dependencies = [
 "byteorder",
 "ppv-lite86",
 "stream-cipher",
]

[[package]]
name = "cc"
version = "1.0.45"
source = "registry+https://github.com/rust-lang/crates.io-index"
checksum = "4fc9a35e1f4290eb9e5fc54ba6cf40671ed2a2514c3eeb2b2a908dda2ea5a1be"

[[package]]
name = "cfg-if"
version = "0.1.10"
source = "registry+https://github.com/rust-lang/crates.io-index"
checksum = "4785bdd1c96b2a846b2bd7cc02e86b6b3dbf14e7e53446c4f54c92a361040822"

[[package]]
name = "cloudabi"
version = "0.0.3"
source = "registry+https://github.com/rust-lang/crates.io-index"
checksum = "ddfc5b9aa5d4507acaf872de71051dfd0e309860e88966e1051e462a077aac4f"
dependencies = [
 "bitflags",
]

[[package]]
name = "csv"
version = "1.0.0-beta.5"
source = "git+https://github.com/GeminiCarrie/rust-csv.git?tag=sgx_v1.0.0#e9f91cd1dcd30ea3170222c1448662812ba7b499"
dependencies = [
 "csv-core",
 "serde",
 "sgx_tstd",
]

[[package]]
name = "csv-core"
version = "0.1.3"
source = "git+https://github.com/GeminiCarrie/rust-csv.git?tag=sgx_v1.0.0#e9f91cd1dcd30ea3170222c1448662812ba7b499"
dependencies = [
 "sgx_trts",
]

[[package]]
name = "csv-index"
version = "0.1.4"
source = "git+https://github.com/GeminiCarrie/rust-csv.git?tag=sgx_v1.0.0#e9f91cd1dcd30ea3170222c1448662812ba7b499"
dependencies = [
 "byteorder",
 "csv",
 "sgx_tstd",
]

[[package]]
name = "docopt"
version = "1.1.0"
source = "git+https://github.com/GeminiCarrie/docopt.rs.git?tag=sgx_v1.1.0#2af18a140d460a61ea720b613e2d2bf3247a89b1"
dependencies = [
 "lazy_static",
 "regex",
 "serde",
 "sgx_tstd",
 "strsim",
]

[[package]]
name = "filetime"
version = "0.1.15"
source = "registry+https://github.com/rust-lang/crates.io-index"
checksum = "714653f3e34871534de23771ac7b26e999651a0a228f47beb324dfdf1dd4b10f"
dependencies = [
 "cfg-if",
 "libc",
 "redox_syscall",
]

[[package]]
name = "fuchsia-cprng"
version = "0.1.1"
source = "registry+https://github.com/rust-lang/crates.io-index"
checksum = "a06f77d526c1a601b7c4cdd98f54b5eaabffc14d5f2f0296febdc7f357c6d3ba"

[[package]]
name = "generic-array"
version = "0.12.3"
source = "registry+https://github.com/rust-lang/crates.io-index"
checksum = "c68f0274ae0e023facc3c97b2e00f076be70e254bc851d972503b328db79b2ec"
dependencies = [
 "typenum",
]

[[package]]
name = "getrandom"
version = "0.1.12"
source = "git+https://github.com/mesalock-linux/getrandom-sgx.git#bc5f3d0a0cf8285e8f72dab62ff455792b3d37a1"
dependencies = [
 "cfg-if",
 "sgx_libc",
 "sgx_trts",
 "sgx_tstd",
]

[[package]]
name = "lazy_static"
version = "1.4.0"
source = "registry+https://github.com/rust-lang/crates.io-index"
checksum = "e2abad23fbc42b3700f2f279844dc832adb2b2eb069b2df918f455c4e18cc646"
dependencies = [
 "spin",
]

[[package]]
name = "libc"
version = "0.2.62"
source = "registry+https://github.com/rust-lang/crates.io-index"
checksum = "34fcd2c08d2f832f376f4173a231990fa5aef4e99fb569867318a227ef4c06ba"

[[package]]
name = "log"
version = "0.4.8"
source = "registry+https://github.com/rust-lang/crates.io-index"
checksum = "14b6052be84e6b71ab17edffc2eeabf5c2c3ae1fdb464aae35ac50c67a44e1f7"
dependencies = [
 "cfg-if",
]

[[package]]
name = "memchr"
version = "2.2.1"
source = "git+https://github.com/mesalock-linux/rust-memchr-sgx#b7991814eacf1b00c397ec74bcaafe4ea6f4b11b"
dependencies = [
 "sgx_libc",
 "sgx_tstd",
 "sgx_types",
]

[[package]]
name = "num-traits"
version = "0.2.8"
source = "git+https://github.com/mesalock-linux/num-traits-sgx#67cde7b14334bc8ab0bbf3eb4ef97ec18735f563"
dependencies = [
 "autocfg",
 "sgx_tstd",
]

[[package]]
name = "ppv-lite86"
version = "0.2.5"
source = "git+https://github.com/mesalock-linux/cryptocorrosion-sgx#0786cf1d78670893cee04b37e989f7cc2f971624"

[[package]]
name = "proc-macro2"
version = "1.0.4"
source = "registry+https://github.com/rust-lang/crates.io-index"
checksum = "afdc77cc74ec70ed262262942ebb7dac3d479e9e5cfa2da1841c0806f6cdabcc"
dependencies = [
 "unicode-xid",
]

[[package]]
name = "quickcheck"
version = "0.7.2"
source = "registry+https://github.com/rust-lang/crates.io-index"
checksum = "d4537d3e4edf73a15dd059b75bed1c292d17d3ea7517f583cebe716794fcf816"
dependencies = [
 "rand 0.5.6",
 "rand_core 0.2.2",
]

[[package]]
name = "quote"
version = "1.0.2"
source = "registry+https://github.com/rust-lang/crates.io-index"
checksum = "053a8c8bcc71fcce321828dc897a98ab9760bef03a4fc36693c231e5b3216cfe"
dependencies = [
 "proc-macro2",
]

[[package]]
name = "rand"
version = "0.5.6"
source = "registry+https://github.com/rust-lang/crates.io-index"
checksum = "c618c47cd3ebd209790115ab837de41425723956ad3ce2e6a7f09890947cacb9"
dependencies = [
 "cloudabi",
 "fuchsia-cprng",
 "libc",
 "rand_core 0.3.1",
 "winapi",
]

[[package]]
name = "rand"
version = "0.7.2"
source = "git+https://github.com/mesalock-linux/rand-sgx?tag=v0.6.5_sgx1.0.9#9a802b70dc66301a6156580f5b96cea7292ef14a"
dependencies = [
 "getrandom",
 "rand_chacha",
 "rand_core 0.5.1",
 "rand_hc",
 "sgx_tstd",
]

[[package]]
name = "rand_chacha"
version = "0.2.1"
source = "git+https://github.com/mesalock-linux/rand-sgx?tag=v0.6.5_sgx1.0.9#9a802b70dc66301a6156580f5b96cea7292ef14a"
dependencies = [
 "c2-chacha",
 "rand_core 0.5.1",
 "sgx_tstd",
]

[[package]]
name = "rand_core"
version = "0.2.2"
source = "registry+https://github.com/rust-lang/crates.io-index"
checksum = "1961a422c4d189dfb50ffa9320bf1f2a9bd54ecb92792fb9477f99a1045f3372"
dependencies = [
 "rand_core 0.3.1",
]

[[package]]
name = "rand_core"
version = "0.3.1"
source = "registry+https://github.com/rust-lang/crates.io-index"
checksum = "7a6fdeb83b075e8266dcc8762c22776f6877a63111121f5f8c7411e5be7eed4b"
dependencies = [
 "rand_core 0.4.2",
]

[[package]]
name = "rand_core"
version = "0.4.2"
source = "registry+https://github.com/rust-lang/crates.io-index"
checksum = "9c33a3c44ca05fa6f1807d8e6743f3824e8509beca625669633be0acbdf509dc"

[[package]]
name = "rand_core"
version = "0.5.1"
source = "git+https://github.com/mesalock-linux/rand-sgx?tag=v0.6.5_sgx1.0.9#9a802b70dc66301a6156580f5b96cea7292ef14a"
dependencies = [
 "getrandom",
 "sgx_tstd",
]

[[package]]
name = "rand_hc"
version = "0.2.0"
source = "git+https://github.com/mesalock-linux/rand-sgx?tag=v0.6.5_sgx1.0.9#9a802b70dc66301a6156580f5b96cea7292ef14a"
dependencies = [
 "rand_core 0.5.1",
]

[[package]]
name = "redox_syscall"
version = "0.1.56"
source = "registry+https://github.com/rust-lang/crates.io-index"
checksum = "2439c63f3f6139d1b57529d16bc3b8bb855230c8efcc5d3a896c8bea7c3b1e84"

[[package]]
name = "regex"
version = "1.3.1"
source = "git+https://github.com/mesalock-linux/regex-sgx#125e21334bcf5fcfaa3b96300b3d0c0db1d73d45"
dependencies = [
 "aho-corasick",
 "memchr",
 "regex-syntax",
 "sgx_tstd",
 "thread_local",
]

[[package]]
name = "regex-syntax"
version = "0.6.12"
source = "git+https://github.com/mesalock-linux/regex-sgx#125e21334bcf5fcfaa3b96300b3d0c0db1d73d45"
dependencies = [
 "sgx_tstd",
]

[[package]]
name = "serde"
version = "1.0.101"
source = "git+https://github.com/mesalock-linux/serde-sgx#bc160eaaa364448e0831c6fbfc9c77cbf59f09db"
dependencies = [
 "serde_derive",
 "sgx_tstd",
]

[[package]]
name = "serde_derive"
version = "1.0.101"
source = "git+https://github.com/mesalock-linux/serde-sgx#bc160eaaa364448e0831c6fbfc9c77cbf59f09db"
dependencies = [
 "proc-macro2",
 "quote",
 "syn",
]

[[package]]
name = "sgx_alloc"
version = "1.0.9"
source = "git+https://github.com/baidu/rust-sgx-sdk.git?rev=v1.0.9#5c20ac32fa8ac1ebcf292f9687b97ea93811d7a1"
dependencies = [
 "sgx_trts",
]

[[package]]
name = "sgx_backtrace_sys"
version = "1.0.9"
source = "git+https://github.com/baidu/rust-sgx-sdk.git?rev=v1.0.9#5c20ac32fa8ac1ebcf292f9687b97ea93811d7a1"
dependencies = [
 "cc",
 "sgx_build_helper",
 "sgx_libc",
]

[[package]]
name = "sgx_build_helper"
version = "0.1.0"
source = "git+https://github.com/baidu/rust-sgx-sdk.git?rev=v1.0.9#5c20ac32fa8ac1ebcf292f9687b97ea93811d7a1"

[[package]]
name = "sgx_demangle"
version = "1.0.9"
source = "git+https://github.com/baidu/rust-sgx-sdk.git?rev=v1.0.9#5c20ac32fa8ac1ebcf292f9687b97ea93811d7a1"

[[package]]
name = "sgx_libc"
version = "1.0.9"
source = "git+https://github.com/baidu/rust-sgx-sdk.git?rev=v1.0.9#5c20ac32fa8ac1ebcf292f9687b97ea93811d7a1"
dependencies = [
 "sgx_types",
]

[[package]]
name = "sgx_tprotected_fs"
version = "1.0.9"
source = "git+https://github.com/baidu/rust-sgx-sdk.git?rev=v1.0.9#5c20ac32fa8ac1ebcf292f9687b97ea93811d7a1"
dependencies = [
 "sgx_trts",
 "sgx_types",
]

[[package]]
name = "sgx_trts"
version = "1.0.9"
source = "git+https://github.com/baidu/rust-sgx-sdk.git?rev=v1.0.9#5c20ac32fa8ac1ebcf292f9687b97ea93811d7a1"
dependencies = [
 "sgx_libc",
 "sgx_types",
]

[[package]]
name = "sgx_tstd"
version = "1.0.9"
source = "git+https://github.com/baidu/rust-sgx-sdk.git?rev=v1.0.9#5c20ac32fa8ac1ebcf292f9687b97ea93811d7a1"
dependencies = [
 "sgx_alloc",
 "sgx_backtrace_sys",
 "sgx_demangle",
 "sgx_libc",
 "sgx_tprotected_fs",
 "sgx_trts",
 "sgx_types",
 "sgx_unwind",
]

[[package]]
name = "sgx_types"
version = "1.0.9"
source = "git+https://github.com/baidu/rust-sgx-sdk.git?rev=v1.0.9#5c20ac32fa8ac1ebcf292f9687b97ea93811d7a1"

[[package]]
name = "sgx_unwind"
version = "0.0.1"
source = "git+https://github.com/baidu/rust-sgx-sdk.git?rev=v1.0.9#5c20ac32fa8ac1ebcf292f9687b97ea93811d7a1"
dependencies = [
 "sgx_build_helper",
 "sgx_trts",
]

[[package]]
name = "spin"
version = "0.5.2"
source = "registry+https://github.com/rust-lang/crates.io-index"
checksum = "6e63cff320ae2c57904679ba7cb63280a3dc4613885beafb148ee7bf9aa9042d"

[[package]]
name = "stream-cipher"
version = "0.3.2"
source = "git+https://github.com/mesalock-linux/rustcrypto-traits-sgx#7371418a2e4e49af2c1b62a5dfdf5fb0c005ac19"
dependencies = [
 "generic-array",
]

[[package]]
name = "streaming-stats"
version = "0.2.2"
source = "git+https://github.com/GeminiCarrie/rust-stats?tag=sgx_v1.0.9#8f3eddc4ea54201937b2d13b54322f88b097cf93"
dependencies = [
 "num-traits",
 "sgx_tstd",
]

[[package]]
name = "strsim"
version = "0.9.2"
source = "git+https://github.com/GeminiCarrie/strsim-rs.git?tag=v0.9.2_sgx#483df3bdc02d5d57a4a5e81b862d2aa8baf37a40"
dependencies = [
 "sgx_tstd",
]

[[package]]
name = "syn"
version = "1.0.5"
source = "registry+https://github.com/rust-lang/crates.io-index"
checksum = "66850e97125af79138385e9b88339cbcd037e3f28ceab8c5ad98e64f0f1f80bf"
dependencies = [
 "proc-macro2",
 "quote",
 "unicode-xid",
]

[[package]]
name = "tabwriter"
version = "1.1.0"
source = "git+https://github.com/GeminiCarrie/tabwriter.git?tag=v1.1.0_sgx#9a44919cf0c62389e0cd4dd9ef2146de93625d44"
dependencies = [
 "sgx_tstd",
 "unicode-width",
]

[[package]]
name = "thread_local"
version = "1.0.0"
source = "git+https://github.com/mesalock-linux/thread_local-rs-sgx#9e6a7b99a0c910dbb1c2eee3420d3e8ee6289fb1"
dependencies = [
 "lazy_static",
 "sgx_tstd",
]

[[package]]
name = "typenum"
version = "1.11.2"
source = "registry+https://github.com/rust-lang/crates.io-index"
checksum = "6d2783fe2d6b8c1101136184eb41be8b1ad379e4657050b8aaff0c79ee7575f9"

[[package]]
name = "unicode-width"
version = "0.1.6"
source = "registry+https://github.com/rust-lang/crates.io-index"
checksum = "7007dbd421b92cc6e28410fe7362e2e0a2503394908f417b68ec8d1c364c4e20"

[[package]]
name = "unicode-xid"
version = "0.2.0"
source = "registry+https://github.com/rust-lang/crates.io-index"
checksum = "826e7639553986605ec5979c7dd957c7895e93eabed50ab2ffa7f6128a75097c"

[[package]]
name = "winapi"
version = "0.3.8"
source = "registry+https://github.com/rust-lang/crates.io-index"
checksum = "8093091eeb260906a183e6ae1abdba2ef5ef2257a21801128899c3fc699229c6"
dependencies = [
 "winapi-i686-pc-windows-gnu",
 "winapi-x86_64-pc-windows-gnu",
]

[[package]]
name = "winapi-i686-pc-windows-gnu"
version = "0.4.0"
source = "registry+https://github.com/rust-lang/crates.io-index"
checksum = "ac3b87c63620426dd9b991e5ce0329eff545bccbbb34f3be09ff6fb6ab51b7b6"

[[package]]
name = "winapi-x86_64-pc-windows-gnu"
version = "0.4.0"
source = "registry+https://github.com/rust-lang/crates.io-index"
checksum = "712e227841d057c1ee1cd2fb22fa7e5a5461ae8e48fa2ca79ec42cfc1931183f"

[[package]]
name = "xsv"
version = "0.13.0"
dependencies = [
 "byteorder",
 "csv",
 "csv-index",
 "docopt",
 "filetime",
 "log",
 "quickcheck",
 "rand 0.7.2",
 "regex",
 "serde",
 "serde_derive",
 "sgx_tstd",
 "streaming-stats",
 "tabwriter",
]
